
Microsoft Visual Studio Solution File, Format Version 12.00
# Visual Studio Version 17
VisualStudioVersion = 17.0.32112.339
MinimumVisualStudioVersion = 10.0.40219.1
Project("{FAE04EC0-301F-11D3-BF4B-00C04F79EFBC}") = "Lab_2", "Lab_2\Lab_2.csproj", "{1E6E32F7-5CE8-4543-9E82-DE401F0C247D}"
EndProject
Global
	GlobalSection(SolutionConfigurationPlatforms) = preSolution
		Debug|Any CPU = Debug|Any CPU
		Release|Any CPU = Release|Any CPU
	EndGlobalSection
	GlobalSection(ProjectConfigurationPlatforms) = postSolution
		{1E6E32F7-5CE8-4543-9E82-DE401F0C247D}.Debug|Any CPU.ActiveCfg = Debug|Any CPU
		{1E6E32F7-5CE8-4543-9E82-DE401F0C247D}.Debug|Any CPU.Build.0 = Debug|Any CPU
		{1E6E32F7-5CE8-4543-9E82-DE401F0C247D}.Release|Any CPU.ActiveCfg = Release|Any CPU
		{1E6E32F7-5CE8-4543-9E82-DE401F0C247D}.Release|Any CPU.Build.0 = Release|Any CPU
	EndGlobalSection
	GlobalSection(SolutionProperties) = preSolution
		HideSolutionNode = FALSE
	EndGlobalSection
	GlobalSection(ExtensibilityGlobals) = postSolution
		SolutionGuid = {0525556B-1A50-44FE-8F7A-6EF26B7BB3C0}
	EndGlobalSection
EndGlobal
