
Microsoft Visual Studio Solution File, Format Version 12.00
# Visual Studio Version 17
VisualStudioVersion = 17.0.32112.339
MinimumVisualStudioVersion = 10.0.40219.1
Project("{FAE04EC0-301F-11D3-BF4B-00C04F79EFBC}") = "Lab4_2", "Lab4_2\Lab4_2.csproj", "{48271E57-3FC3-4E68-8EE8-99888B0B1F0C}"
EndProject
Global
	GlobalSection(SolutionConfigurationPlatforms) = preSolution
		Debug|Any CPU = Debug|Any CPU
		Release|Any CPU = Release|Any CPU
	EndGlobalSection
	GlobalSection(ProjectConfigurationPlatforms) = postSolution
		{48271E57-3FC3-4E68-8EE8-99888B0B1F0C}.Debug|Any CPU.ActiveCfg = Debug|Any CPU
		{48271E57-3FC3-4E68-8EE8-99888B0B1F0C}.Debug|Any CPU.Build.0 = Debug|Any CPU
		{48271E57-3FC3-4E68-8EE8-99888B0B1F0C}.Release|Any CPU.ActiveCfg = Release|Any CPU
		{48271E57-3FC3-4E68-8EE8-99888B0B1F0C}.Release|Any CPU.Build.0 = Release|Any CPU
	EndGlobalSection
	GlobalSection(SolutionProperties) = preSolution
		HideSolutionNode = FALSE
	EndGlobalSection
	GlobalSection(ExtensibilityGlobals) = postSolution
		SolutionGuid = {9F2841EC-B496-40AA-B8F4-CBA0F71EC1B0}
	EndGlobalSection
EndGlobal
